
Microsoft Visual Studio Solution File, Format Version 12.00
# Visual Studio 15
VisualStudioVersion = 15.0.26228.4
MinimumVisualStudioVersion = 10.0.40219.1
Project("{2150E333-8FDC-42A3-9474-1A3956D46DE8}") = "src", "src", "{22BD0651-0313-496F-865B-9D6D94CB9407}"
EndProject
Project("{2150E333-8FDC-42A3-9474-1A3956D46DE8}") = "test", "test", "{3FDA3CFF-E411-4166-A98C-42E1E5B252E3}"
EndProject
Project("{9A19103F-16F7-4668-BE54-9A1E7A4F7556}") = "APISource.Web", "APISource.Web\APISource.Web.csproj", "{90400EF0-8A05-4317-AFC7-BA0800B55A8A}"
EndProject
Project("{9A19103F-16F7-4668-BE54-9A1E7A4F7556}") = "APISourceWithHybrid.Web", "APISourceWithHybrid.Web\APISourceWithHybrid.Web.csproj", "{4FFFE791-9E4A-4A33-9963-E45AA367352B}"
EndProject
Project("{9A19103F-16F7-4668-BE54-9A1E7A4F7556}") = "APISourceWithJS.Web", "APISourceWithJS.Web\APISourceWithJS.Web.csproj", "{5667F32C-4E7B-4FA6-9A6A-BCF7A10A398F}"
EndProject
Project("{9A19103F-16F7-4668-BE54-9A1E7A4F7556}") = "ClientCredentialsAndPassword.Web", "ClientCredentialsAndPassword.Web\ClientCredentialsAndPassword.Web.csproj", "{2BE4DC04-9502-492E-9E41-AE95FB482B42}"
EndProject
Project("{9A19103F-16F7-4668-BE54-9A1E7A4F7556}") = "HybridServer.Web", "HybridServer.Web\HybridServer.Web.csproj", "{682C2ACE-2853-4B61-9616-19ECE7C567BC}"
EndProject
Project("{9A19103F-16F7-4668-BE54-9A1E7A4F7556}") = "ImplicitServer.Web", "ImplicitServer.Web\ImplicitServer.Web.csproj", "{DFBFA995-EE06-4B90-9202-A0492BE8A4FC}"
EndProject
Project("{9A19103F-16F7-4668-BE54-9A1E7A4F7556}") = "ImplicitServerWithJS.Web", "ImplicitServerWithJS.Web\ImplicitServerWithJS.Web.csproj", "{503F61BF-07EA-44D6-A3AD-E56BA1686FF5}"
EndProject
Project("{9A19103F-16F7-4668-BE54-9A1E7A4F7556}") = "ClientCredentialsAndPassword.Web.Tests", "ClientCredentialsAndPassword.Web.Tests\ClientCredentialsAndPassword.Web.Tests.csproj", "{187F2D85-4BDE-4DAF-B5FC-4440455B5363}"
EndProject
Project("{9A19103F-16F7-4668-BE54-9A1E7A4F7556}") = "HybridServer.Web.Tests", "HybridServer.Web.Tests\HybridServer.Web.Tests.csproj", "{70CEB7E1-BC94-4F7B-A00B-BBDF07AF72E9}"
EndProject
Project("{9A19103F-16F7-4668-BE54-9A1E7A4F7556}") = "ImplicitServer.Web.Tests", "ImplicitServer.Web.Tests\ImplicitServer.Web.Tests.csproj", "{71101FD1-1409-458C-8321-9AF986D31FDB}"
EndProject
Project("{9A19103F-16F7-4668-BE54-9A1E7A4F7556}") = "JavaScriptClient.Web.Tests", "JavaScriptClient.Web.Tests\JavaScriptClient.Web.Tests.csproj", "{284C5CFA-587E-47B3-A7E3-E91B43A663FC}"
EndProject
Global
	GlobalSection(SolutionConfigurationPlatforms) = preSolution
		Debug|Any CPU = Debug|Any CPU
		Release|Any CPU = Release|Any CPU
	EndGlobalSection
	GlobalSection(ProjectConfigurationPlatforms) = postSolution
		{90400EF0-8A05-4317-AFC7-BA0800B55A8A}.Debug|Any CPU.ActiveCfg = Debug|Any CPU
		{90400EF0-8A05-4317-AFC7-BA0800B55A8A}.Debug|Any CPU.Build.0 = Debug|Any CPU
		{90400EF0-8A05-4317-AFC7-BA0800B55A8A}.Release|Any CPU.ActiveCfg = Release|Any CPU
		{90400EF0-8A05-4317-AFC7-BA0800B55A8A}.Release|Any CPU.Build.0 = Release|Any CPU
		{4FFFE791-9E4A-4A33-9963-E45AA367352B}.Debug|Any CPU.ActiveCfg = Debug|Any CPU
		{4FFFE791-9E4A-4A33-9963-E45AA367352B}.Debug|Any CPU.Build.0 = Debug|Any CPU
		{4FFFE791-9E4A-4A33-9963-E45AA367352B}.Release|Any CPU.ActiveCfg = Release|Any CPU
		{4FFFE791-9E4A-4A33-9963-E45AA367352B}.Release|Any CPU.Build.0 = Release|Any CPU
		{5667F32C-4E7B-4FA6-9A6A-BCF7A10A398F}.Debug|Any CPU.ActiveCfg = Debug|Any CPU
		{5667F32C-4E7B-4FA6-9A6A-BCF7A10A398F}.Debug|Any CPU.Build.0 = Debug|Any CPU
		{5667F32C-4E7B-4FA6-9A6A-BCF7A10A398F}.Release|Any CPU.ActiveCfg = Release|Any CPU
		{5667F32C-4E7B-4FA6-9A6A-BCF7A10A398F}.Release|Any CPU.Build.0 = Release|Any CPU
		{2BE4DC04-9502-492E-9E41-AE95FB482B42}.Debug|Any CPU.ActiveCfg = Debug|Any CPU
		{2BE4DC04-9502-492E-9E41-AE95FB482B42}.Debug|Any CPU.Build.0 = Debug|Any CPU
		{2BE4DC04-9502-492E-9E41-AE95FB482B42}.Release|Any CPU.ActiveCfg = Release|Any CPU
		{2BE4DC04-9502-492E-9E41-AE95FB482B42}.Release|Any CPU.Build.0 = Release|Any CPU
		{682C2ACE-2853-4B61-9616-19ECE7C567BC}.Debug|Any CPU.ActiveCfg = Debug|Any CPU
		{682C2ACE-2853-4B61-9616-19ECE7C567BC}.Debug|Any CPU.Build.0 = Debug|Any CPU
		{682C2ACE-2853-4B61-9616-19ECE7C567BC}.Release|Any CPU.ActiveCfg = Release|Any CPU
		{682C2ACE-2853-4B61-9616-19ECE7C567BC}.Release|Any CPU.Build.0 = Release|Any CPU
		{DFBFA995-EE06-4B90-9202-A0492BE8A4FC}.Debug|Any CPU.ActiveCfg = Debug|Any CPU
		{DFBFA995-EE06-4B90-9202-A0492BE8A4FC}.Debug|Any CPU.Build.0 = Debug|Any CPU
		{DFBFA995-EE06-4B90-9202-A0492BE8A4FC}.Release|Any CPU.ActiveCfg = Release|Any CPU
		{DFBFA995-EE06-4B90-9202-A0492BE8A4FC}.Release|Any CPU.Build.0 = Release|Any CPU
		{503F61BF-07EA-44D6-A3AD-E56BA1686FF5}.Debug|Any CPU.ActiveCfg = Debug|Any CPU
		{503F61BF-07EA-44D6-A3AD-E56BA1686FF5}.Debug|Any CPU.Build.0 = Debug|Any CPU
		{503F61BF-07EA-44D6-A3AD-E56BA1686FF5}.Release|Any CPU.ActiveCfg = Release|Any CPU
		{503F61BF-07EA-44D6-A3AD-E56BA1686FF5}.Release|Any CPU.Build.0 = Release|Any CPU
		{187F2D85-4BDE-4DAF-B5FC-4440455B5363}.Debug|Any CPU.ActiveCfg = Debug|Any CPU
		{187F2D85-4BDE-4DAF-B5FC-4440455B5363}.Debug|Any CPU.Build.0 = Debug|Any CPU
		{187F2D85-4BDE-4DAF-B5FC-4440455B5363}.Release|Any CPU.ActiveCfg = Release|Any CPU
		{187F2D85-4BDE-4DAF-B5FC-4440455B5363}.Release|Any CPU.Build.0 = Release|Any CPU
		{70CEB7E1-BC94-4F7B-A00B-BBDF07AF72E9}.Debug|Any CPU.ActiveCfg = Debug|Any CPU
		{70CEB7E1-BC94-4F7B-A00B-BBDF07AF72E9}.Debug|Any CPU.Build.0 = Debug|Any CPU
		{70CEB7E1-BC94-4F7B-A00B-BBDF07AF72E9}.Release|Any CPU.ActiveCfg = Release|Any CPU
		{70CEB7E1-BC94-4F7B-A00B-BBDF07AF72E9}.Release|Any CPU.Build.0 = Release|Any CPU
		{71101FD1-1409-458C-8321-9AF986D31FDB}.Debug|Any CPU.ActiveCfg = Debug|Any CPU
		{71101FD1-1409-458C-8321-9AF986D31FDB}.Debug|Any CPU.Build.0 = Debug|Any CPU
		{71101FD1-1409-458C-8321-9AF986D31FDB}.Release|Any CPU.ActiveCfg = Release|Any CPU
		{71101FD1-1409-458C-8321-9AF986D31FDB}.Release|Any CPU.Build.0 = Release|Any CPU
		{284C5CFA-587E-47B3-A7E3-E91B43A663FC}.Debug|Any CPU.ActiveCfg = Debug|Any CPU
		{284C5CFA-587E-47B3-A7E3-E91B43A663FC}.Debug|Any CPU.Build.0 = Debug|Any CPU
		{284C5CFA-587E-47B3-A7E3-E91B43A663FC}.Release|Any CPU.ActiveCfg = Release|Any CPU
		{284C5CFA-587E-47B3-A7E3-E91B43A663FC}.Release|Any CPU.Build.0 = Release|Any CPU
	EndGlobalSection
	GlobalSection(SolutionProperties) = preSolution
		HideSolutionNode = FALSE
	EndGlobalSection
	GlobalSection(NestedProjects) = preSolution
		{90400EF0-8A05-4317-AFC7-BA0800B55A8A} = {22BD0651-0313-496F-865B-9D6D94CB9407}
		{4FFFE791-9E4A-4A33-9963-E45AA367352B} = {22BD0651-0313-496F-865B-9D6D94CB9407}
		{5667F32C-4E7B-4FA6-9A6A-BCF7A10A398F} = {22BD0651-0313-496F-865B-9D6D94CB9407}
		{2BE4DC04-9502-492E-9E41-AE95FB482B42} = {22BD0651-0313-496F-865B-9D6D94CB9407}
		{682C2ACE-2853-4B61-9616-19ECE7C567BC} = {22BD0651-0313-496F-865B-9D6D94CB9407}
		{DFBFA995-EE06-4B90-9202-A0492BE8A4FC} = {22BD0651-0313-496F-865B-9D6D94CB9407}
		{503F61BF-07EA-44D6-A3AD-E56BA1686FF5} = {22BD0651-0313-496F-865B-9D6D94CB9407}
		{187F2D85-4BDE-4DAF-B5FC-4440455B5363} = {3FDA3CFF-E411-4166-A98C-42E1E5B252E3}
		{70CEB7E1-BC94-4F7B-A00B-BBDF07AF72E9} = {3FDA3CFF-E411-4166-A98C-42E1E5B252E3}
		{71101FD1-1409-458C-8321-9AF986D31FDB} = {3FDA3CFF-E411-4166-A98C-42E1E5B252E3}
		{284C5CFA-587E-47B3-A7E3-E91B43A663FC} = {3FDA3CFF-E411-4166-A98C-42E1E5B252E3}
	EndGlobalSection
EndGlobal
